# This file is autogenerated, do not edit; changes may be undone by the next 'dep ensure'.


[[projects]]
  name = "github.com/Syfaro/telegram-bot-api"
  packages = ["."]
  revision = "9860bdfd3a171ceafb6e1eafa163482a6ef92643"
  version = "v4.6.4"

[[projects]]
<<<<<<< HEAD
  name = "github.com/caarlos0/env"
  packages = ["."]
  revision = "4bd75bf16b9ef8c1383109b5e4d931bd72c3b6d0"
  version = "v6.0.0"

[[projects]]
=======
  digest = "1:12cb143f2148bf54bcd9fe622abac17325e85eeb1d84b8ec6caf1c80232108fd"
>>>>>>> 0315ed862850ade3bc8222cd62c33c9f6811381c
  name = "github.com/lib/pq"
  packages = [".","oid","scram"]
  revision = "3427c32cb71afc948325f299f040e53c1dd78979"
  version = "v1.2.0"

[[projects]]
  name = "github.com/technoweenie/multipartstreamer"
  packages = ["."]
  revision = "a90a01d73ae432e2611d178c18367fbaa13e0154"
  version = "v1.0.1"

[solve-meta]
  analyzer-name = "dep"
  analyzer-version = 1
<<<<<<< HEAD
  inputs-digest = "517072d2f8a405e9dfeac9ce5df434d35a1f3f19df39f955b56144cbae6737a0"
=======
  input-imports = [
    "github.com/Syfaro/telegram-bot-api",
    "github.com/lib/pq",
  ]
>>>>>>> 0315ed862850ade3bc8222cd62c33c9f6811381c
  solver-name = "gps-cdcl"
  solver-version = 1
